// !$*UTF8*$!
{
	archiveVersion = 1;
	classes = {
	};
	objectVersion = 48;
	objects = {

/* Begin PBXBuildFile section */
		053469691FD884A4001DCE82 /* Quote.swift in Sources */ = {isa = PBXBuildFile; fileRef = 053469681FD884A4001DCE82 /* Quote.swift */; };
		0534696B1FD88551001DCE82 /* ImageAPI.swift in Sources */ = {isa = PBXBuildFile; fileRef = 0534696A1FD88551001DCE82 /* ImageAPI.swift */; };
		05938E901FD855A0006DDFF1 /* AppDelegate.swift in Sources */ = {isa = PBXBuildFile; fileRef = 05938E8F1FD855A0006DDFF1 /* AppDelegate.swift */; };
		05938E921FD855A0006DDFF1 /* MasterViewController.swift in Sources */ = {isa = PBXBuildFile; fileRef = 05938E911FD855A0006DDFF1 /* MasterViewController.swift */; };
		05938E941FD855A0006DDFF1 /* DetailViewController.swift in Sources */ = {isa = PBXBuildFile; fileRef = 05938E931FD855A0006DDFF1 /* DetailViewController.swift */; };
		05938E971FD855A0006DDFF1 /* Main.storyboard in Resources */ = {isa = PBXBuildFile; fileRef = 05938E951FD855A0006DDFF1 /* Main.storyboard */; };
		05938E991FD855A0006DDFF1 /* Assets.xcassets in Resources */ = {isa = PBXBuildFile; fileRef = 05938E981FD855A0006DDFF1 /* Assets.xcassets */; };
		05938E9C1FD855A0006DDFF1 /* LaunchScreen.storyboard in Resources */ = {isa = PBXBuildFile; fileRef = 05938E9A1FD855A0006DDFF1 /* LaunchScreen.storyboard */; };
		05938EA81FD856DF006DDFF1 /* QuoteAPI.swift in Sources */ = {isa = PBXBuildFile; fileRef = 05938EA71FD856DF006DDFF1 /* QuoteAPI.swift */; };
		05938EAA1FD85CD4006DDFF1 /* AddViewController.swift in Sources */ = {isa = PBXBuildFile; fileRef = 05938EA91FD85CD4006DDFF1 /* AddViewController.swift */; };
		5AC56B20A7CFEA9F1ED460EE /* Pods_QuotePro.framework in Frameworks */ = {isa = PBXBuildFile; fileRef = 99B1759DB720D6B20A39DA9B /* Pods_QuotePro.framework */; };
/* End PBXBuildFile section */

/* Begin PBXFileReference section */
		053469681FD884A4001DCE82 /* Quote.swift */ = {isa = PBXFileReference; lastKnownFileType = sourcecode.swift; path = Quote.swift; sourceTree = "<group>"; };
		0534696A1FD88551001DCE82 /* ImageAPI.swift */ = {isa = PBXFileReference; lastKnownFileType = sourcecode.swift; path = ImageAPI.swift; sourceTree = "<group>"; };
		05938E8C1FD855A0006DDFF1 /* QuotePro.app */ = {isa = PBXFileReference; explicitFileType = wrapper.application; includeInIndex = 0; path = QuotePro.app; sourceTree = BUILT_PRODUCTS_DIR; };
		05938E8F1FD855A0006DDFF1 /* AppDelegate.swift */ = {isa = PBXFileReference; lastKnownFileType = sourcecode.swift; path = AppDelegate.swift; sourceTree = "<group>"; };
		05938E911FD855A0006DDFF1 /* MasterViewController.swift */ = {isa = PBXFileReference; lastKnownFileType = sourcecode.swift; path = MasterViewController.swift; sourceTree = "<group>"; };
		05938E931FD855A0006DDFF1 /* DetailViewController.swift */ = {isa = PBXFileReference; lastKnownFileType = sourcecode.swift; path = DetailViewController.swift; sourceTree = "<group>"; };
		05938E961FD855A0006DDFF1 /* Base */ = {isa = PBXFileReference; lastKnownFileType = file.storyboard; name = Base; path = Base.lproj/Main.storyboard; sourceTree = "<group>"; };
		05938E981FD855A0006DDFF1 /* Assets.xcassets */ = {isa = PBXFileReference; lastKnownFileType = folder.assetcatalog; path = Assets.xcassets; sourceTree = "<group>"; };
		05938E9B1FD855A0006DDFF1 /* Base */ = {isa = PBXFileReference; lastKnownFileType = file.storyboard; name = Base; path = Base.lproj/LaunchScreen.storyboard; sourceTree = "<group>"; };
		05938E9D1FD855A0006DDFF1 /* Info.plist */ = {isa = PBXFileReference; lastKnownFileType = text.plist.xml; path = Info.plist; sourceTree = "<group>"; };
		05938EA71FD856DF006DDFF1 /* QuoteAPI.swift */ = {isa = PBXFileReference; lastKnownFileType = sourcecode.swift; path = QuoteAPI.swift; sourceTree = "<group>"; };
		05938EA91FD85CD4006DDFF1 /* AddViewController.swift */ = {isa = PBXFileReference; lastKnownFileType = sourcecode.swift; path = AddViewController.swift; sourceTree = "<group>"; };
		71D7389D6AFCA504343A301D /* Pods-QuotePro.release.xcconfig */ = {isa = PBXFileReference; includeInIndex = 1; lastKnownFileType = text.xcconfig; name = "Pods-QuotePro.release.xcconfig"; path = "Pods/Target Support Files/Pods-QuotePro/Pods-QuotePro.release.xcconfig"; sourceTree = "<group>"; };
		99B1759DB720D6B20A39DA9B /* Pods_QuotePro.framework */ = {isa = PBXFileReference; explicitFileType = wrapper.framework; includeInIndex = 0; path = Pods_QuotePro.framework; sourceTree = BUILT_PRODUCTS_DIR; };
		B9CFB3ED109525C2A00DB82E /* Pods-QuotePro.debug.xcconfig */ = {isa = PBXFileReference; includeInIndex = 1; lastKnownFileType = text.xcconfig; name = "Pods-QuotePro.debug.xcconfig"; path = "Pods/Target Support Files/Pods-QuotePro/Pods-QuotePro.debug.xcconfig"; sourceTree = "<group>"; };
/* End PBXFileReference section */

/* Begin PBXFrameworksBuildPhase section */
		05938E891FD855A0006DDFF1 /* Frameworks */ = {
			isa = PBXFrameworksBuildPhase;
			buildActionMask = 2147483647;
			files = (
				5AC56B20A7CFEA9F1ED460EE /* Pods_QuotePro.framework in Frameworks */,
			);
			runOnlyForDeploymentPostprocessing = 0;
		};
/* End PBXFrameworksBuildPhase section */

/* Begin PBXGroup section */
		05938E831FD855A0006DDFF1 = {
			isa = PBXGroup;
			children = (
				05938E8E1FD855A0006DDFF1 /* QuotePro */,
				05938E8D1FD855A0006DDFF1 /* Products */,
				D3A83FC844F6E9E1E4831BEA /* Pods */,
				B49BE4167460B0F1307E2D21 /* Frameworks */,
			);
			sourceTree = "<group>";
		};
		05938E8D1FD855A0006DDFF1 /* Products */ = {
			isa = PBXGroup;
			children = (
				05938E8C1FD855A0006DDFF1 /* QuotePro.app */,
			);
			name = Products;
			sourceTree = "<group>";
		};
		05938E8E1FD855A0006DDFF1 /* QuotePro */ = {
			isa = PBXGroup;
			children = (
				05938EA61FD8563C006DDFF1 /* View */,
				05938EA51FD85632006DDFF1 /* Model */,
				05938EA41FD85626006DDFF1 /* Controller */,
				05938EA31FD8560E006DDFF1 /* Supporting Files */,
				05938E9D1FD855A0006DDFF1 /* Info.plist */,
			);
			path = QuotePro;
			sourceTree = "<group>";
		};
		05938EA31FD8560E006DDFF1 /* Supporting Files */ = {
			isa = PBXGroup;
			children = (
				05938E981FD855A0006DDFF1 /* Assets.xcassets */,
				05938E9A1FD855A0006DDFF1 /* LaunchScreen.storyboard */,
				05938E8F1FD855A0006DDFF1 /* AppDelegate.swift */,
			);
			path = "Supporting Files";
			sourceTree = "<group>";
		};
		05938EA41FD85626006DDFF1 /* Controller */ = {
			isa = PBXGroup;
			children = (
				05938E911FD855A0006DDFF1 /* MasterViewController.swift */,
				05938E931FD855A0006DDFF1 /* DetailViewController.swift */,
				05938EA91FD85CD4006DDFF1 /* AddViewController.swift */,
			);
			path = Controller;
			sourceTree = "<group>";
		};
		05938EA51FD85632006DDFF1 /* Model */ = {
			isa = PBXGroup;
			children = (
				05938EA71FD856DF006DDFF1 /* QuoteAPI.swift */,
				0534696A1FD88551001DCE82 /* ImageAPI.swift */,
				053469681FD884A4001DCE82 /* Quote.swift */,
			);
			path = Model;
			sourceTree = "<group>";
		};
		05938EA61FD8563C006DDFF1 /* View */ = {
			isa = PBXGroup;
			children = (
				05938E951FD855A0006DDFF1 /* Main.storyboard */,
			);
			path = View;
			sourceTree = "<group>";
		};
		B49BE4167460B0F1307E2D21 /* Frameworks */ = {
			isa = PBXGroup;
			children = (
				99B1759DB720D6B20A39DA9B /* Pods_QuotePro.framework */,
			);
			name = Frameworks;
			sourceTree = "<group>";
		};
		D3A83FC844F6E9E1E4831BEA /* Pods */ = {
			isa = PBXGroup;
			children = (
				B9CFB3ED109525C2A00DB82E /* Pods-QuotePro.debug.xcconfig */,
				71D7389D6AFCA504343A301D /* Pods-QuotePro.release.xcconfig */,
			);
			name = Pods;
			sourceTree = "<group>";
		};
/* End PBXGroup section */

/* Begin PBXNativeTarget section */
		05938E8B1FD855A0006DDFF1 /* QuotePro */ = {
			isa = PBXNativeTarget;
			buildConfigurationList = 05938EA01FD855A0006DDFF1 /* Build configuration list for PBXNativeTarget "QuotePro" */;
			buildPhases = (
				92471FD62630DD567A4F1340 /* [CP] Check Pods Manifest.lock */,
				05938E881FD855A0006DDFF1 /* Sources */,
				05938E891FD855A0006DDFF1 /* Frameworks */,
				05938E8A1FD855A0006DDFF1 /* Resources */,
				EF7571AF98778EF5AD5B8695 /* [CP] Embed Pods Frameworks */,
				0B48C8FD05DD152A72235C00 /* [CP] Copy Pods Resources */,
			);
			buildRules = (
			);
			dependencies = (
			);
			name = QuotePro;
			productName = QuotePro;
			productReference = 05938E8C1FD855A0006DDFF1 /* QuotePro.app */;
			productType = "com.apple.product-type.application";
		};
/* End PBXNativeTarget section */

/* Begin PBXProject section */
		05938E841FD855A0006DDFF1 /* Project object */ = {
			isa = PBXProject;
			attributes = {
				LastSwiftUpdateCheck = 0920;
				LastUpgradeCheck = 0920;
				ORGANIZATIONNAME = "Larry Luk";
				TargetAttributes = {
					05938E8B1FD855A0006DDFF1 = {
						CreatedOnToolsVersion = 9.2;
						ProvisioningStyle = Automatic;
					};
				};
			};
			buildConfigurationList = 05938E871FD855A0006DDFF1 /* Build configuration list for PBXProject "QuotePro" */;
			compatibilityVersion = "Xcode 8.0";
			developmentRegion = en;
			hasScannedForEncodings = 0;
			knownRegions = (
				en,
				Base,
			);
			mainGroup = 05938E831FD855A0006DDFF1;
			productRefGroup = 05938E8D1FD855A0006DDFF1 /* Products */;
			projectDirPath = "";
			projectRoot = "";
			targets = (
				05938E8B1FD855A0006DDFF1 /* QuotePro */,
			);
		};
/* End PBXProject section */

/* Begin PBXResourcesBuildPhase section */
		05938E8A1FD855A0006DDFF1 /* Resources */ = {
			isa = PBXResourcesBuildPhase;
			buildActionMask = 2147483647;
			files = (
				05938E9C1FD855A0006DDFF1 /* LaunchScreen.storyboard in Resources */,
				05938E991FD855A0006DDFF1 /* Assets.xcassets in Resources */,
				05938E971FD855A0006DDFF1 /* Main.storyboard in Resources */,
			);
			runOnlyForDeploymentPostprocessing = 0;
		};
/* End PBXResourcesBuildPhase section */

/* Begin PBXShellScriptBuildPhase section */
		0B48C8FD05DD152A72235C00 /* [CP] Copy Pods Resources */ = {
			isa = PBXShellScriptBuildPhase;
			buildActionMask = 2147483647;
			files = (
			);
			inputPaths = (
			);
			name = "[CP] Copy Pods Resources";
			outputPaths = (
			);
			runOnlyForDeploymentPostprocessing = 0;
			shellPath = /bin/sh;
			shellScript = "\"${SRCROOT}/Pods/Target Support Files/Pods-QuotePro/Pods-QuotePro-resources.sh\"\n";
			showEnvVarsInLog = 0;
		};
		92471FD62630DD567A4F1340 /* [CP] Check Pods Manifest.lock */ = {
			isa = PBXShellScriptBuildPhase;
			buildActionMask = 2147483647;
			files = (
			);
			inputPaths = (
				"${PODS_PODFILE_DIR_PATH}/Podfile.lock",
				"${PODS_ROOT}/Manifest.lock",
			);
			name = "[CP] Check Pods Manifest.lock";
			outputPaths = (
				"$(DERIVED_FILE_DIR)/Pods-QuotePro-checkManifestLockResult.txt",
			);
			runOnlyForDeploymentPostprocessing = 0;
			shellPath = /bin/sh;
			shellScript = "diff \"${PODS_PODFILE_DIR_PATH}/Podfile.lock\" \"${PODS_ROOT}/Manifest.lock\" > /dev/null\nif [ $? != 0 ] ; then\n    # print error to STDERR\n    echo \"error: The sandbox is not in sync with the Podfile.lock. Run 'pod install' or update your CocoaPods installation.\" >&2\n    exit 1\nfi\n# This output is used by Xcode 'outputs' to avoid re-running this script phase.\necho \"SUCCESS\" > \"${SCRIPT_OUTPUT_FILE_0}\"\n";
			showEnvVarsInLog = 0;
		};
		EF7571AF98778EF5AD5B8695 /* [CP] Embed Pods Frameworks */ = {
			isa = PBXShellScriptBuildPhase;
			buildActionMask = 2147483647;
			files = (
			);
			inputPaths = (
				"${SRCROOT}/Pods/Target Support Files/Pods-QuotePro/Pods-QuotePro-frameworks.sh",
				"${BUILT_PRODUCTS_DIR}/Nuke/Nuke.framework",
			);
			name = "[CP] Embed Pods Frameworks";
			outputPaths = (
				"${TARGET_BUILD_DIR}/${FRAMEWORKS_FOLDER_PATH}/Nuke.framework",
			);
			runOnlyForDeploymentPostprocessing = 0;
			shellPath = /bin/sh;
			shellScript = "\"${SRCROOT}/Pods/Target Support Files/Pods-QuotePro/Pods-QuotePro-frameworks.sh\"\n";
			showEnvVarsInLog = 0;
		};
/* End PBXShellScriptBuildPhase section */

/* Begin PBXSourcesBuildPhase section */
		05938E881FD855A0006DDFF1 /* Sources */ = {
			isa = PBXSourcesBuildPhase;
			buildActionMask = 2147483647;
			files = (
				05938EAA1FD85CD4006DDFF1 /* AddViewController.swift in Sources */,
				05938EA81FD856DF006DDFF1 /* QuoteAPI.swift in Sources */,
				05938E941FD855A0006DDFF1 /* DetailViewController.swift in Sources */,
				05938E921FD855A0006DDFF1 /* MasterViewController.swift in Sources */,
				0534696B1FD88551001DCE82 /* ImageAPI.swift in Sources */,
				053469691FD884A4001DCE82 /* Quote.swift in Sources */,
				05938E901FD855A0006DDFF1 /* AppDelegate.swift in Sources */,
			);
			runOnlyForDeploymentPostprocessing = 0;
		};
/* End PBXSourcesBuildPhase section */

/* Begin PBXVariantGroup section */
		05938E951FD855A0006DDFF1 /* Main.storyboard */ = {
			isa = PBXVariantGroup;
			children = (
				05938E961FD855A0006DDFF1 /* Base */,
			);
			name = Main.storyboard;
			sourceTree = "<group>";
		};
		05938E9A1FD855A0006DDFF1 /* LaunchScreen.storyboard */ = {
			isa = PBXVariantGroup;
			children = (
				05938E9B1FD855A0006DDFF1 /* Base */,
			);
			name = LaunchScreen.storyboard;
			sourceTree = "<group>";
		};
/* End PBXVariantGroup section */

/* Begin XCBuildConfiguration section */
		05938E9E1FD855A0006DDFF1 /* Debug */ = {
			isa = XCBuildConfiguration;
			buildSettings = {
				ALWAYS_SEARCH_USER_PATHS = NO;
				CLANG_ANALYZER_NONNULL = YES;
				CLANG_ANALYZER_NUMBER_OBJECT_CONVERSION = YES_AGGRESSIVE;
				CLANG_CXX_LANGUAGE_STANDARD = "gnu++14";
				CLANG_CXX_LIBRARY = "libc++";
				CLANG_ENABLE_MODULES = YES;
				CLANG_ENABLE_OBJC_ARC = YES;
				CLANG_WARN_BLOCK_CAPTURE_AUTORELEASING = YES;
				CLANG_WARN_BOOL_CONVERSION = YES;
				CLANG_WARN_COMMA = YES;
				CLANG_WARN_CONSTANT_CONVERSION = YES;
				CLANG_WARN_DIRECT_OBJC_ISA_USAGE = YES_ERROR;
				CLANG_WARN_DOCUMENTATION_COMMENTS = YES;
				CLANG_WARN_EMPTY_BODY = YES;
				CLANG_WARN_ENUM_CONVERSION = YES;
				CLANG_WARN_INFINITE_RECURSION = YES;
				CLANG_WARN_INT_CONVERSION = YES;
				CLANG_WARN_NON_LITERAL_NULL_CONVERSION = YES;
				CLANG_WARN_OBJC_LITERAL_CONVERSION = YES;
				CLANG_WARN_OBJC_ROOT_CLASS = YES_ERROR;
				CLANG_WARN_RANGE_LOOP_ANALYSIS = YES;
				CLANG_WARN_STRICT_PROTOTYPES = YES;
				CLANG_WARN_SUSPICIOUS_MOVE = YES;
				CLANG_WARN_UNGUARDED_AVAILABILITY = YES_AGGRESSIVE;
				CLANG_WARN_UNREACHABLE_CODE = YES;
				CLANG_WARN__DUPLICATE_METHOD_MATCH = YES;
				CODE_SIGN_IDENTITY = "iPhone Developer";
				COPY_PHASE_STRIP = NO;
				DEBUG_INFORMATION_FORMAT = dwarf;
				ENABLE_STRICT_OBJC_MSGSEND = YES;
				ENABLE_TESTABILITY = YES;
				GCC_C_LANGUAGE_STANDARD = gnu11;
				GCC_DYNAMIC_NO_PIC = NO;
				GCC_NO_COMMON_BLOCKS = YES;
				GCC_OPTIMIZATION_LEVEL = 0;
				GCC_PREPROCESSOR_DEFINITIONS = (
					"DEBUG=1",
					"$(inherited)",
				);
				GCC_WARN_64_TO_32_BIT_CONVERSION = YES;
				GCC_WARN_ABOUT_RETURN_TYPE = YES_ERROR;
				GCC_WARN_UNDECLARED_SELECTOR = YES;
				GCC_WARN_UNINITIALIZED_AUTOS = YES_AGGRESSIVE;
				GCC_WARN_UNUSED_FUNCTION = YES;
				GCC_WARN_UNUSED_VARIABLE = YES;
				IPHONEOS_DEPLOYMENT_TARGET = 11.2;
				MTL_ENABLE_DEBUG_INFO = YES;
				ONLY_ACTIVE_ARCH = YES;
				SDKROOT = iphoneos;
				SWIFT_ACTIVE_COMPILATION_CONDITIONS = DEBUG;
				SWIFT_OPTIMIZATION_LEVEL = "-Onone";
			};
			name = Debug;
		};
		05938E9F1FD855A0006DDFF1 /* Release */ = {
			isa = XCBuildConfiguration;
			buildSettings = {
				ALWAYS_SEARCH_USER_PATHS = NO;
				CLANG_ANALYZER_NONNULL = YES;
				CLANG_ANALYZER_NUMBER_OBJECT_CONVERSION = YES_AGGRESSIVE;
				CLANG_CXX_LANGUAGE_STANDARD = "gnu++14";
				CLANG_CXX_LIBRARY = "libc++";
				CLANG_ENABLE_MODULES = YES;
				CLANG_ENABLE_OBJC_ARC = YES;
				CLANG_WARN_BLOCK_CAPTURE_AUTORELEASING = YES;
				CLANG_WARN_BOOL_CONVERSION = YES;
				CLANG_WARN_COMMA = YES;
				CLANG_WARN_CONSTANT_CONVERSION = YES;
				CLANG_WARN_DIRECT_OBJC_ISA_USAGE = YES_ERROR;
				CLANG_WARN_DOCUMENTATION_COMMENTS = YES;
				CLANG_WARN_EMPTY_BODY = YES;
				CLANG_WARN_ENUM_CONVERSION = YES;
				CLANG_WARN_INFINITE_RECURSION = YES;
				CLANG_WARN_INT_CONVERSION = YES;
				CLANG_WARN_NON_LITERAL_NULL_CONVERSION = YES;
				CLANG_WARN_OBJC_LITERAL_CONVERSION = YES;
				CLANG_WARN_OBJC_ROOT_CLASS = YES_ERROR;
				CLANG_WARN_RANGE_LOOP_ANALYSIS = YES;
				CLANG_WARN_STRICT_PROTOTYPES = YES;
				CLANG_WARN_SUSPICIOUS_MOVE = YES;
				CLANG_WARN_UNGUARDED_AVAILABILITY = YES_AGGRESSIVE;
				CLANG_WARN_UNREACHABLE_CODE = YES;
				CLANG_WARN__DUPLICATE_METHOD_MATCH = YES;
				CODE_SIGN_IDENTITY = "iPhone Developer";
				COPY_PHASE_STRIP = NO;
				DEBUG_INFORMATION_FORMAT = "dwarf-with-dsym";
				ENABLE_NS_ASSERTIONS = NO;
				ENABLE_STRICT_OBJC_MSGSEND = YES;
				GCC_C_LANGUAGE_STANDARD = gnu11;
				GCC_NO_COMMON_BLOCKS = YES;
				GCC_WARN_64_TO_32_BIT_CONVERSION = YES;
				GCC_WARN_ABOUT_RETURN_TYPE = YES_ERROR;
				GCC_WARN_UNDECLARED_SELECTOR = YES;
				GCC_WARN_UNINITIALIZED_AUTOS = YES_AGGRESSIVE;
				GCC_WARN_UNUSED_FUNCTION = YES;
				GCC_WARN_UNUSED_VARIABLE = YES;
				IPHONEOS_DEPLOYMENT_TARGET = 11.2;
				MTL_ENABLE_DEBUG_INFO = NO;
				SDKROOT = iphoneos;
				SWIFT_OPTIMIZATION_LEVEL = "-Owholemodule";
				VALIDATE_PRODUCT = YES;
			};
			name = Release;
		};
		05938EA11FD855A0006DDFF1 /* Debug */ = {
			isa = XCBuildConfiguration;
			baseConfigurationReference = B9CFB3ED109525C2A00DB82E /* Pods-QuotePro.debug.xcconfig */;
			buildSettings = {
				ASSETCATALOG_COMPILER_APPICON_NAME = AppIcon;
				CODE_SIGN_STYLE = Automatic;
				DEVELOPMENT_TEAM = H36FGN369H;
				INFOPLIST_FILE = QuotePro/Info.plist;
				LD_RUNPATH_SEARCH_PATHS = "$(inherited) @executable_path/Frameworks";
				PRODUCT_BUNDLE_IDENTIFIER = LL.QuotePro;
				PRODUCT_NAME = "$(TARGET_NAME)";
				SWIFT_VERSION = 4.0;
				TARGETED_DEVICE_FAMILY = "1,2";
			};
			name = Debug;
		};
		05938EA21FD855A0006DDFF1 /* Release */ = {
			isa = XCBuildConfiguration;
			baseConfigurationReference = 71D7389D6AFCA504343A301D /* Pods-QuotePro.release.xcconfig */;
			buildSettings = {
				ASSETCATALOG_COMPILER_APPICON_NAME = AppIcon;
				CODE_SIGN_STYLE = Automatic;
				DEVELOPMENT_TEAM = H36FGN369H;
				INFOPLIST_FILE = QuotePro/Info.plist;
				LD_RUNPATH_SEARCH_PATHS = "$(inherited) @executable_path/Frameworks";
				PRODUCT_BUNDLE_IDENTIFIER = LL.QuotePro;
				PRODUCT_NAME = "$(TARGET_NAME)";
				SWIFT_VERSION = 4.0;
				TARGETED_DEVICE_FAMILY = "1,2";
			};
			name = Release;
		};
/* End XCBuildConfiguration section */

/* Begin XCConfigurationList section */
		05938E871FD855A0006DDFF1 /* Build configuration list for PBXProject "QuotePro" */ = {
			isa = XCConfigurationList;
			buildConfigurations = (
				05938E9E1FD855A0006DDFF1 /* Debug */,
				05938E9F1FD855A0006DDFF1 /* Release */,
			);
			defaultConfigurationIsVisible = 0;
			defaultConfigurationName = Release;
		};
		05938EA01FD855A0006DDFF1 /* Build configuration list for PBXNativeTarget "QuotePro" */ = {
			isa = XCConfigurationList;
			buildConfigurations = (
				05938EA11FD855A0006DDFF1 /* Debug */,
				05938EA21FD855A0006DDFF1 /* Release */,
			);
			defaultConfigurationIsVisible = 0;
			defaultConfigurationName = Release;
		};
/* End XCConfigurationList section */
	};
	rootObject = 05938E841FD855A0006DDFF1 /* Project object */;
}
